
Microsoft Visual Studio Solution File, Format Version 12.00
# Visual Studio Version 16
VisualStudioVersion = 16.0.29728.190
MinimumVisualStudioVersion = 10.0.40219.1
Project("{FAE04EC0-301F-11D3-BF4B-00C04F79EFBC}") = "Библиотека классов", "Библиотека классов\Библиотека классов.csproj", "{715AA568-0697-47BD-840A-EE1E12795111}"
EndProject
Project("{FAE04EC0-301F-11D3-BF4B-00C04F79EFBC}") = "Тестирование в консоли", "Тестирование в консоли\Тестирование в консоли.csproj", "{B03B4E45-C0BE-496D-BA32-C798458C451B}"
EndProject
Project("{FAE04EC0-301F-11D3-BF4B-00C04F79EFBC}") = "Создать множество директорий", "Создать множество директорий\Создать множество директорий.csproj", "{6302A51B-C6F6-4667-8397-1A1672921AEA}"
EndProject
Project("{FAE04EC0-301F-11D3-BF4B-00C04F79EFBC}") = "ProgressControl", "Контроль прогресса\ProgressControl.csproj", "{F7D1B8E7-3897-453E-8793-C4BA208496DF}"
EndProject
Project("{FAE04EC0-301F-11D3-BF4B-00C04F79EFBC}") = "RMdator", "RMdator\RMdator.csproj", "{94D98531-DCB1-4C0C-8190-238C89DC1492}"
EndProject
Project("{FAE04EC0-301F-11D3-BF4B-00C04F79EFBC}") = "Библиотека графики", "..\MathClasses\Библиотека графики\Библиотека графики.csproj", "{72477714-ACF0-4659-A0DF-12F481BC85EC}"
EndProject
Project("{9A19103F-16F7-4668-BE54-9A1E7A4F7556}") = "MathClassesLibrary", "..\MathClasses\MathClassesLibrary\MathClassesLibrary.csproj", "{1C2EDA9A-9F1F-4054-A768-4939B0E0A190}"
EndProject
Project("{FAE04EC0-301F-11D3-BF4B-00C04F79EFBC}") = "Demo_For_FlexibleMessageBox", "..\Code\ДОПОЛНЕНИЯ\Demo_For_FlexibleMessageBox-noexe\Demo_For_FlexibleMessageBox\Demo_For_FlexibleMessageBox.csproj", "{F1FD937B-C84E-4F6C-B533-4982BD43914F}"
EndProject
Project("{FAE04EC0-301F-11D3-BF4B-00C04F79EFBC}") = "ML", "Estimating RM\MLtests\ConsoleApp1\ML.csproj", "{C2635A8D-2364-40A8-861B-70CDA4A714D1}"
EndProject
Project("{9A19103F-16F7-4668-BE54-9A1E7A4F7556}") = "Powerlifing_and_otherML.Model", "Estimating RM\MLtests\Powerlifing_and_otherML.Model\Powerlifing_and_otherML.Model.csproj", "{27B202E3-4700-40B3-9909-3E97F8AE41A0}"
EndProject
Project("{9A19103F-16F7-4668-BE54-9A1E7A4F7556}") = "Powerlifing_and_otherML.ConsoleApp", "Estimating RM\MLtests\Powerlifing_and_otherML.ConsoleApp\Powerlifing_and_otherML.ConsoleApp.csproj", "{2FD25B09-D273-413D-8015-F26D19D3D1F4}"
EndProject
Global
	GlobalSection(SolutionConfigurationPlatforms) = preSolution
		Debug|Any CPU = Debug|Any CPU
		Debug|x86 = Debug|x86
		Release|Any CPU = Release|Any CPU
		Release|x86 = Release|x86
	EndGlobalSection
	GlobalSection(ProjectConfigurationPlatforms) = postSolution
		{715AA568-0697-47BD-840A-EE1E12795111}.Debug|Any CPU.ActiveCfg = Debug|Any CPU
		{715AA568-0697-47BD-840A-EE1E12795111}.Debug|Any CPU.Build.0 = Debug|Any CPU
		{715AA568-0697-47BD-840A-EE1E12795111}.Debug|x86.ActiveCfg = Debug|Any CPU
		{715AA568-0697-47BD-840A-EE1E12795111}.Debug|x86.Build.0 = Debug|Any CPU
		{715AA568-0697-47BD-840A-EE1E12795111}.Release|Any CPU.ActiveCfg = Release|Any CPU
		{715AA568-0697-47BD-840A-EE1E12795111}.Release|Any CPU.Build.0 = Release|Any CPU
		{715AA568-0697-47BD-840A-EE1E12795111}.Release|x86.ActiveCfg = Release|Any CPU
		{715AA568-0697-47BD-840A-EE1E12795111}.Release|x86.Build.0 = Release|Any CPU
		{B03B4E45-C0BE-496D-BA32-C798458C451B}.Debug|Any CPU.ActiveCfg = Debug|Any CPU
		{B03B4E45-C0BE-496D-BA32-C798458C451B}.Debug|Any CPU.Build.0 = Debug|Any CPU
		{B03B4E45-C0BE-496D-BA32-C798458C451B}.Debug|x86.ActiveCfg = Debug|Any CPU
		{B03B4E45-C0BE-496D-BA32-C798458C451B}.Debug|x86.Build.0 = Debug|Any CPU
		{B03B4E45-C0BE-496D-BA32-C798458C451B}.Release|Any CPU.ActiveCfg = Release|Any CPU
		{B03B4E45-C0BE-496D-BA32-C798458C451B}.Release|Any CPU.Build.0 = Release|Any CPU
		{B03B4E45-C0BE-496D-BA32-C798458C451B}.Release|x86.ActiveCfg = Release|Any CPU
		{B03B4E45-C0BE-496D-BA32-C798458C451B}.Release|x86.Build.0 = Release|Any CPU
		{6302A51B-C6F6-4667-8397-1A1672921AEA}.Debug|Any CPU.ActiveCfg = Debug|Any CPU
		{6302A51B-C6F6-4667-8397-1A1672921AEA}.Debug|Any CPU.Build.0 = Debug|Any CPU
		{6302A51B-C6F6-4667-8397-1A1672921AEA}.Debug|x86.ActiveCfg = Debug|Any CPU
		{6302A51B-C6F6-4667-8397-1A1672921AEA}.Debug|x86.Build.0 = Debug|Any CPU
		{6302A51B-C6F6-4667-8397-1A1672921AEA}.Release|Any CPU.ActiveCfg = Release|Any CPU
		{6302A51B-C6F6-4667-8397-1A1672921AEA}.Release|Any CPU.Build.0 = Release|Any CPU
		{6302A51B-C6F6-4667-8397-1A1672921AEA}.Release|x86.ActiveCfg = Release|Any CPU
		{6302A51B-C6F6-4667-8397-1A1672921AEA}.Release|x86.Build.0 = Release|Any CPU
		{F7D1B8E7-3897-453E-8793-C4BA208496DF}.Debug|Any CPU.ActiveCfg = Debug|Any CPU
		{F7D1B8E7-3897-453E-8793-C4BA208496DF}.Debug|Any CPU.Build.0 = Debug|Any CPU
		{F7D1B8E7-3897-453E-8793-C4BA208496DF}.Debug|x86.ActiveCfg = Debug|Any CPU
		{F7D1B8E7-3897-453E-8793-C4BA208496DF}.Debug|x86.Build.0 = Debug|Any CPU
		{F7D1B8E7-3897-453E-8793-C4BA208496DF}.Release|Any CPU.ActiveCfg = Release|Any CPU
		{F7D1B8E7-3897-453E-8793-C4BA208496DF}.Release|Any CPU.Build.0 = Release|Any CPU
		{F7D1B8E7-3897-453E-8793-C4BA208496DF}.Release|x86.ActiveCfg = Release|Any CPU
		{F7D1B8E7-3897-453E-8793-C4BA208496DF}.Release|x86.Build.0 = Release|Any CPU
		{94D98531-DCB1-4C0C-8190-238C89DC1492}.Debug|Any CPU.ActiveCfg = Debug|Any CPU
		{94D98531-DCB1-4C0C-8190-238C89DC1492}.Debug|Any CPU.Build.0 = Debug|Any CPU
		{94D98531-DCB1-4C0C-8190-238C89DC1492}.Debug|x86.ActiveCfg = Debug|Any CPU
		{94D98531-DCB1-4C0C-8190-238C89DC1492}.Debug|x86.Build.0 = Debug|Any CPU
		{94D98531-DCB1-4C0C-8190-238C89DC1492}.Release|Any CPU.ActiveCfg = Release|Any CPU
		{94D98531-DCB1-4C0C-8190-238C89DC1492}.Release|Any CPU.Build.0 = Release|Any CPU
		{94D98531-DCB1-4C0C-8190-238C89DC1492}.Release|x86.ActiveCfg = Release|Any CPU
		{94D98531-DCB1-4C0C-8190-238C89DC1492}.Release|x86.Build.0 = Release|Any CPU
		{72477714-ACF0-4659-A0DF-12F481BC85EC}.Debug|Any CPU.ActiveCfg = Debug|Any CPU
		{72477714-ACF0-4659-A0DF-12F481BC85EC}.Debug|Any CPU.Build.0 = Debug|Any CPU
		{72477714-ACF0-4659-A0DF-12F481BC85EC}.Debug|x86.ActiveCfg = Debug|Any CPU
		{72477714-ACF0-4659-A0DF-12F481BC85EC}.Debug|x86.Build.0 = Debug|Any CPU
		{72477714-ACF0-4659-A0DF-12F481BC85EC}.Release|Any CPU.ActiveCfg = Release|Any CPU
		{72477714-ACF0-4659-A0DF-12F481BC85EC}.Release|Any CPU.Build.0 = Release|Any CPU
		{72477714-ACF0-4659-A0DF-12F481BC85EC}.Release|x86.ActiveCfg = Release|Any CPU
		{72477714-ACF0-4659-A0DF-12F481BC85EC}.Release|x86.Build.0 = Release|Any CPU
		{1C2EDA9A-9F1F-4054-A768-4939B0E0A190}.Debug|Any CPU.ActiveCfg = Debug|Any CPU
		{1C2EDA9A-9F1F-4054-A768-4939B0E0A190}.Debug|Any CPU.Build.0 = Debug|Any CPU
		{1C2EDA9A-9F1F-4054-A768-4939B0E0A190}.Debug|x86.ActiveCfg = Debug|Any CPU
		{1C2EDA9A-9F1F-4054-A768-4939B0E0A190}.Debug|x86.Build.0 = Debug|Any CPU
		{1C2EDA9A-9F1F-4054-A768-4939B0E0A190}.Release|Any CPU.ActiveCfg = Release|Any CPU
		{1C2EDA9A-9F1F-4054-A768-4939B0E0A190}.Release|Any CPU.Build.0 = Release|Any CPU
		{1C2EDA9A-9F1F-4054-A768-4939B0E0A190}.Release|x86.ActiveCfg = Release|Any CPU
		{1C2EDA9A-9F1F-4054-A768-4939B0E0A190}.Release|x86.Build.0 = Release|Any CPU
		{F1FD937B-C84E-4F6C-B533-4982BD43914F}.Debug|Any CPU.ActiveCfg = Debug|x86
		{F1FD937B-C84E-4F6C-B533-4982BD43914F}.Debug|x86.ActiveCfg = Debug|x86
		{F1FD937B-C84E-4F6C-B533-4982BD43914F}.Debug|x86.Build.0 = Debug|x86
		{F1FD937B-C84E-4F6C-B533-4982BD43914F}.Release|Any CPU.ActiveCfg = Release|x86
		{F1FD937B-C84E-4F6C-B533-4982BD43914F}.Release|x86.ActiveCfg = Release|x86
		{F1FD937B-C84E-4F6C-B533-4982BD43914F}.Release|x86.Build.0 = Release|x86
		{C2635A8D-2364-40A8-861B-70CDA4A714D1}.Debug|Any CPU.ActiveCfg = Debug|Any CPU
		{C2635A8D-2364-40A8-861B-70CDA4A714D1}.Debug|Any CPU.Build.0 = Debug|Any CPU
		{C2635A8D-2364-40A8-861B-70CDA4A714D1}.Debug|x86.ActiveCfg = Debug|Any CPU
		{C2635A8D-2364-40A8-861B-70CDA4A714D1}.Debug|x86.Build.0 = Debug|Any CPU
		{C2635A8D-2364-40A8-861B-70CDA4A714D1}.Release|Any CPU.ActiveCfg = Release|Any CPU
		{C2635A8D-2364-40A8-861B-70CDA4A714D1}.Release|Any CPU.Build.0 = Release|Any CPU
		{C2635A8D-2364-40A8-861B-70CDA4A714D1}.Release|x86.ActiveCfg = Release|Any CPU
		{C2635A8D-2364-40A8-861B-70CDA4A714D1}.Release|x86.Build.0 = Release|Any CPU
		{27B202E3-4700-40B3-9909-3E97F8AE41A0}.Debug|Any CPU.ActiveCfg = Debug|Any CPU
		{27B202E3-4700-40B3-9909-3E97F8AE41A0}.Debug|Any CPU.Build.0 = Debug|Any CPU
		{27B202E3-4700-40B3-9909-3E97F8AE41A0}.Debug|x86.ActiveCfg = Debug|Any CPU
		{27B202E3-4700-40B3-9909-3E97F8AE41A0}.Debug|x86.Build.0 = Debug|Any CPU
		{27B202E3-4700-40B3-9909-3E97F8AE41A0}.Release|Any CPU.ActiveCfg = Release|Any CPU
		{27B202E3-4700-40B3-9909-3E97F8AE41A0}.Release|Any CPU.Build.0 = Release|Any CPU
		{27B202E3-4700-40B3-9909-3E97F8AE41A0}.Release|x86.ActiveCfg = Release|Any CPU
		{27B202E3-4700-40B3-9909-3E97F8AE41A0}.Release|x86.Build.0 = Release|Any CPU
		{2FD25B09-D273-413D-8015-F26D19D3D1F4}.Debug|Any CPU.ActiveCfg = Debug|Any CPU
		{2FD25B09-D273-413D-8015-F26D19D3D1F4}.Debug|Any CPU.Build.0 = Debug|Any CPU
		{2FD25B09-D273-413D-8015-F26D19D3D1F4}.Debug|x86.ActiveCfg = Debug|Any CPU
		{2FD25B09-D273-413D-8015-F26D19D3D1F4}.Debug|x86.Build.0 = Debug|Any CPU
		{2FD25B09-D273-413D-8015-F26D19D3D1F4}.Release|Any CPU.ActiveCfg = Release|Any CPU
		{2FD25B09-D273-413D-8015-F26D19D3D1F4}.Release|Any CPU.Build.0 = Release|Any CPU
		{2FD25B09-D273-413D-8015-F26D19D3D1F4}.Release|x86.ActiveCfg = Release|Any CPU
		{2FD25B09-D273-413D-8015-F26D19D3D1F4}.Release|x86.Build.0 = Release|Any CPU
	EndGlobalSection
	GlobalSection(SolutionProperties) = preSolution
		HideSolutionNode = FALSE
	EndGlobalSection
	GlobalSection(ExtensibilityGlobals) = postSolution
		SolutionGuid = {D466581F-465C-4A7E-B1D8-BE2AB1AA725B}
	EndGlobalSection
EndGlobal
